
Microsoft Visual Studio Solution File, Format Version 12.00
# Visual Studio Version 16
VisualStudioVersion = 16.0.31424.327
MinimumVisualStudioVersion = 10.0.40219.1
Project("{FAE04EC0-301F-11D3-BF4B-00C04F79EFBC}") = "6.2 15в", "6.2 15в\6.2 15в.csproj", "{0064DD51-38DC-4A7F-932C-286F78DA956A}"
EndProject
Project("{FAE04EC0-301F-11D3-BF4B-00C04F79EFBC}") = "ClassLibrary1", "ClassLibrary1\ClassLibrary1.csproj", "{A43C6CD2-A785-4E22-BE29-E0656167AB00}"
EndProject
Global
	GlobalSection(SolutionConfigurationPlatforms) = preSolution
		Debug|Any CPU = Debug|Any CPU
		Release|Any CPU = Release|Any CPU
	EndGlobalSection
	GlobalSection(ProjectConfigurationPlatforms) = postSolution
		{0064DD51-38DC-4A7F-932C-286F78DA956A}.Debug|Any CPU.ActiveCfg = Debug|Any CPU
		{0064DD51-38DC-4A7F-932C-286F78DA956A}.Debug|Any CPU.Build.0 = Debug|Any CPU
		{0064DD51-38DC-4A7F-932C-286F78DA956A}.Release|Any CPU.ActiveCfg = Release|Any CPU
		{0064DD51-38DC-4A7F-932C-286F78DA956A}.Release|Any CPU.Build.0 = Release|Any CPU
		{A43C6CD2-A785-4E22-BE29-E0656167AB00}.Debug|Any CPU.ActiveCfg = Debug|Any CPU
		{A43C6CD2-A785-4E22-BE29-E0656167AB00}.Debug|Any CPU.Build.0 = Debug|Any CPU
		{A43C6CD2-A785-4E22-BE29-E0656167AB00}.Release|Any CPU.ActiveCfg = Release|Any CPU
		{A43C6CD2-A785-4E22-BE29-E0656167AB00}.Release|Any CPU.Build.0 = Release|Any CPU
	EndGlobalSection
	GlobalSection(SolutionProperties) = preSolution
		HideSolutionNode = FALSE
	EndGlobalSection
	GlobalSection(ExtensibilityGlobals) = postSolution
		SolutionGuid = {E4762592-D029-49F9-ABE9-2DB3612290EB}
	EndGlobalSection
EndGlobal
